Microsoft Visual Studio Solution File, Format Version 12.00
# Visual Studio Version 17
VisualStudioVersion = 17.5.002.0
MinimumVisualStudioVersion = 10.0.40219.1
Project("{2150E333-8FDC-42A3-9474-1A3956D46DE8}") = "src", "src", "{A699A3A2-C641-4565-92F7-04151BC2D24E}"
EndProject
Project("{FAE04EC0-301F-11D3-BF4B-00C04F79EFBC}") = "SparkDevNetwork.Rock.Build.Tasks", "src\SparkDevNetwork.Rock.Build.Tasks\SparkDevNetwork.Rock.Build.Tasks.csproj", "{C343A25A-36DC-4515-ABAB-A55945E95912}"
EndProject
Project("{FAE04EC0-301F-11D3-BF4B-00C04F79EFBC}") = "SparkDevNetwork.Rock.Analyzers", "src\SparkDevNetwork.Rock.Analyzers\SparkDevNetwork.Rock.Analyzers.csproj", "{604475F8-E37E-484D-B5A7-B8C6C49A7ED0}"
EndProject
Project("{FAE04EC0-301F-11D3-BF4B-00C04F79EFBC}") = "SparkDevNetwork.Rock.DevTool", "src\SparkDevNetwork.Rock.DevTool\SparkDevNetwork.Rock.DevTool.csproj", "{274F2048-D008-4B3A-9BF4-0E8D0E9AB007}"
EndProject
Project("{FAE04EC0-301F-11D3-BF4B-00C04F79EFBC}") = "SparkDevNetwork.Rock.CodeGenerator", "src\SparkDevNetwork.Rock.CodeGenerator\SparkDevNetwork.Rock.CodeGenerator.csproj", "{86F8E877-834C-4518-8276-5F3BFD87E418}"
EndProject
Project("{FAE04EC0-301F-11D3-BF4B-00C04F79EFBC}") = "SparkDevNetwork.Rock.CodeGenerator.Tests.Sample", "src\SparkDevNetwork.Rock.CodeGenerator.Tests.Sample\SparkDevNetwork.Rock.CodeGenerator.Tests.Sample.csproj", "{0589D96A-1AFD-410C-8C38-9BF197BCC7CA}"
EndProject
Project("{FAE04EC0-301F-11D3-BF4B-00C04F79EFBC}") = "SparkDevNetwork.Rock.Devtool.Tests", "src\SparkDevNetwork.Rock.DevTool.Tests\SparkDevNetwork.Rock.DevTool.Tests.csproj", "{715C2561-FA7D-4DAF-AE22-2F1E7EBB33A6}"
EndProject
Project("{FAE04EC0-301F-11D3-BF4B-00C04F79EFBC}") = "SparkDevNetwork.Rock.Build.Tasks.Tests", "src\SparkDevNetwork.Rock.Build.Tasks.Tests\SparkDevNetwork.Rock.Build.Tasks.Tests.csproj", "{A3F42263-C7AA-4CFF-A83C-E56F10FC6CA3}"
EndProject
Global
	GlobalSection(SolutionConfigurationPlatforms) = preSolution
		Debug|Any CPU = Debug|Any CPU
		Release|Any CPU = Release|Any CPU
	EndGlobalSection
	GlobalSection(SolutionProperties) = preSolution
		HideSolutionNode = FALSE
	EndGlobalSection
	GlobalSection(ExtensibilityGlobals) = postSolution
		SolutionGuid = {5BB5EF42-2B43-44EF-99CC-69829849161C}
	EndGlobalSection
	GlobalSection(ProjectConfigurationPlatforms) = postSolution
		{C343A25A-36DC-4515-ABAB-A55945E95912}.Debug|Any CPU.ActiveCfg = Debug|Any CPU
		{C343A25A-36DC-4515-ABAB-A55945E95912}.Debug|Any CPU.Build.0 = Debug|Any CPU
		{C343A25A-36DC-4515-ABAB-A55945E95912}.Release|Any CPU.ActiveCfg = Release|Any CPU
		{C343A25A-36DC-4515-ABAB-A55945E95912}.Release|Any CPU.Build.0 = Release|Any CPU
		{604475F8-E37E-484D-B5A7-B8C6C49A7ED0}.Debug|Any CPU.ActiveCfg = Debug|Any CPU
		{604475F8-E37E-484D-B5A7-B8C6C49A7ED0}.Debug|Any CPU.Build.0 = Debug|Any CPU
		{604475F8-E37E-484D-B5A7-B8C6C49A7ED0}.Release|Any CPU.ActiveCfg = Release|Any CPU
		{604475F8-E37E-484D-B5A7-B8C6C49A7ED0}.Release|Any CPU.Build.0 = Release|Any CPU
		{274F2048-D008-4B3A-9BF4-0E8D0E9AB007}.Debug|Any CPU.ActiveCfg = Debug|Any CPU
		{274F2048-D008-4B3A-9BF4-0E8D0E9AB007}.Debug|Any CPU.Build.0 = Debug|Any CPU
		{274F2048-D008-4B3A-9BF4-0E8D0E9AB007}.Release|Any CPU.ActiveCfg = Release|Any CPU
		{274F2048-D008-4B3A-9BF4-0E8D0E9AB007}.Release|Any CPU.Build.0 = Release|Any CPU
		{86F8E877-834C-4518-8276-5F3BFD87E418}.Debug|Any CPU.ActiveCfg = Debug|Any CPU
		{86F8E877-834C-4518-8276-5F3BFD87E418}.Debug|Any CPU.Build.0 = Debug|Any CPU
		{86F8E877-834C-4518-8276-5F3BFD87E418}.Release|Any CPU.ActiveCfg = Release|Any CPU
		{86F8E877-834C-4518-8276-5F3BFD87E418}.Release|Any CPU.Build.0 = Release|Any CPU
		{0589D96A-1AFD-410C-8C38-9BF197BCC7CA}.Debug|Any CPU.ActiveCfg = Debug|Any CPU
		{0589D96A-1AFD-410C-8C38-9BF197BCC7CA}.Debug|Any CPU.Build.0 = Debug|Any CPU
		{0589D96A-1AFD-410C-8C38-9BF197BCC7CA}.Release|Any CPU.ActiveCfg = Release|Any CPU
		{0589D96A-1AFD-410C-8C38-9BF197BCC7CA}.Release|Any CPU.Build.0 = Release|Any CPU
		{715C2561-FA7D-4DAF-AE22-2F1E7EBB33A6}.Debug|Any CPU.ActiveCfg = Debug|Any CPU
		{715C2561-FA7D-4DAF-AE22-2F1E7EBB33A6}.Debug|Any CPU.Build.0 = Debug|Any CPU
		{715C2561-FA7D-4DAF-AE22-2F1E7EBB33A6}.Release|Any CPU.ActiveCfg = Release|Any CPU
		{715C2561-FA7D-4DAF-AE22-2F1E7EBB33A6}.Release|Any CPU.Build.0 = Release|Any CPU
		{A3F42263-C7AA-4CFF-A83C-E56F10FC6CA3}.Debug|Any CPU.ActiveCfg = Debug|Any CPU
		{A3F42263-C7AA-4CFF-A83C-E56F10FC6CA3}.Debug|Any CPU.Build.0 = Debug|Any CPU
		{A3F42263-C7AA-4CFF-A83C-E56F10FC6CA3}.Release|Any CPU.ActiveCfg = Release|Any CPU
		{A3F42263-C7AA-4CFF-A83C-E56F10FC6CA3}.Release|Any CPU.Build.0 = Release|Any CPU
	EndGlobalSection
	GlobalSection(NestedProjects) = preSolution
		{C343A25A-36DC-4515-ABAB-A55945E95912} = {A699A3A2-C641-4565-92F7-04151BC2D24E}
		{604475F8-E37E-484D-B5A7-B8C6C49A7ED0} = {A699A3A2-C641-4565-92F7-04151BC2D24E}
		{274F2048-D008-4B3A-9BF4-0E8D0E9AB007} = {A699A3A2-C641-4565-92F7-04151BC2D24E}
		{86F8E877-834C-4518-8276-5F3BFD87E418} = {A699A3A2-C641-4565-92F7-04151BC2D24E}
		{0589D96A-1AFD-410C-8C38-9BF197BCC7CA} = {A699A3A2-C641-4565-92F7-04151BC2D24E}
		{715C2561-FA7D-4DAF-AE22-2F1E7EBB33A6} = {A699A3A2-C641-4565-92F7-04151BC2D24E}
		{A3F42263-C7AA-4CFF-A83C-E56F10FC6CA3} = {A699A3A2-C641-4565-92F7-04151BC2D24E}
	EndGlobalSection
EndGlobal
